{
  "nodes": {
    "home-manager": {
      "inputs": {
        "nixpkgs": [
          "nixpkgs"
        ]
      },
      "locked": {
        "lastModified": 1784877405,
        "narHash": "sha256-W649GocILahx7Vb/JMx834217+OLKBrq014VmC/8+NM=",
        "owner": "nix-community",
        "repo": "home-manager",
        "rev": "32de400b6ac9f43042bca706f4a64f6ad08117e8",
        "type": "github"
      },
      "original": {
        "owner": "nix-community",
        "ref": "master",
        "repo": "home-manager",
        "type": "github"
      }
    },
    "microvm": {
      "inputs": {
        "nixpkgs": "nixpkgs",
        "spectrum": "spectrum"
      },
      "locked": {
        "lastModified": 1784666190,
        "narHash": "sha256-xgfS6slV7J3baMooNN1UuBi51RIgg9y0DbCxfSA0668=",
        "owner": "astro",
        "repo": "microvm.nix",
        "rev": "fa5340ac684cdce8a22b6d4a0bcebb0cc999275e",
        "type": "github"
      },
      "original": {
        "owner": "astro",
        "repo": "microvm.nix",
        "type": "github"
      }
    },
    "nixpkgs": {
      "locked": {
        "lastModified": 1783776592,
        "narHash": "sha256-UgCQzxeWI75XM8G+hPrPh+MKzEPjG3SpAj7dtqSbksA=",
        "owner": "nixos",
        "repo": "nixpkgs",
        "rev": "e7a3ca8092b61ff85b6a45bf863ea2b2d6a661b3",
        "type": "github"
      },
      "original": {
        "owner": "nixos",
        "ref": "nixos-unstable",
        "repo": "nixpkgs",
        "type": "github"
      }
    },
    "nixpkgs_2": {
      "locked": {
        "lastModified": 1784796856,
        "narHash": "sha256-vwxWgF+Gj276WznzGb1LxGsK/39HaQwgQXiU3EkC844=",
        "rev": "e2587caef70cea85dd97d7daab492899902dbf5d",
        "type": "tarball",
        "url": "https://releases.nixos.org/nixos/unstable/nixos-26.11pre1040357.e2587caef70c/nixexprs.tar.xz"
      },
      "original": {
        "id": "nixpkgs",
        "ref": "nixos-unstable",
        "type": "indirect"
      }
    },
    "root": {
      "inputs": {
        "home-manager": "home-manager",
        "microvm": "microvm",
        "nixpkgs": "nixpkgs_2",
        "rustfs": "rustfs"
      }
    },
    "rustfs": {
      "inputs": {
        "nixpkgs": [
          "nixpkgs"
        ]
      },
      "locked": {
        "lastModified": 1784874492,
        "narHash": "sha256-E4kC+rya1KfPpDGWtq+E3Ka4HoJGVIo5f9ZsHzYivUs=",
        "owner": "rustfs",
        "repo": "rustfs-flake",
        "rev": "7dedccc7160410a325f922ed8591d90152a261b7",
        "type": "github"
      },
      "original": {
        "owner": "rustfs",
        "repo": "rustfs-flake",
        "type": "github"
      }
    },
    "spectrum": {
      "flake": false,
      "locked": {
        "lastModified": 1783694892,
        "narHash": "sha256-xO8f7Qng+18FK2UlB9vcrkxCaQMCt5WjCH24aW/11eg=",
        "ref": "refs/heads/main",
        "rev": "24c4346e30fdea8d8e80f34aec3554a15a667d24",
        "revCount": 1410,
        "type": "git",
        "url": "https://spectrum-os.org/git/spectrum"
      },
      "original": {
        "type": "git",
        "url": "https://spectrum-os.org/git/spectrum"
      }
    }
  },
  "root": "root",
  "version": 7
}
